
Microsoft Visual Studio Solution File, Format Version 12.00
# Visual Studio Version 17
VisualStudioVersion = 17.14.36212.18 d17.14
MinimumVisualStudioVersion = 10.0.40219.1
Project("{FAE04EC0-301F-11D3-BF4B-00C04F79EFBC}") = "2_PC10_10", "2_PC10_10.csproj", "{69ACD3B6-0A08-4730-82EE-15BDEF8669B0}"
EndProject
Global
	GlobalSection(SolutionConfigurationPlatforms) = preSolution
		Debug|Any CPU = Debug|Any CPU
		Release|Any CPU = Release|Any CPU
	EndGlobalSection
	GlobalSection(ProjectConfigurationPlatforms) = postSolution
		{69ACD3B6-0A08-4730-82EE-15BDEF8669B0}.Debug|Any CPU.ActiveCfg = Debug|Any CPU
		{69ACD3B6-0A08-4730-82EE-15BDEF8669B0}.Debug|Any CPU.Build.0 = Debug|Any CPU
		{69ACD3B6-0A08-4730-82EE-15BDEF8669B0}.Release|Any CPU.ActiveCfg = Release|Any CPU
		{69ACD3B6-0A08-4730-82EE-15BDEF8669B0}.Release|Any CPU.Build.0 = Release|Any CPU
	EndGlobalSection
	GlobalSection(SolutionProperties) = preSolution
		HideSolutionNode = FALSE
	EndGlobalSection
	GlobalSection(ExtensibilityGlobals) = postSolution
		SolutionGuid = {21F90EFA-15D1-4A2E-9120-50842823F54E}
	EndGlobalSection
EndGlobal
