
Microsoft Visual Studio Solution File, Format Version 12.00
# Visual Studio 14
VisualStudioVersion = 14.0.25420.1
MinimumVisualStudioVersion = 10.0.40219.1
Project("{FAE04EC0-301F-11D3-BF4B-00C04F79EFBC}") = "3_PC10_6", "3_PC10_6\3_PC10_6.csproj", "{67EC37D9-D3BB-46B0-9938-443A6B78EC3D}"
EndProject
Global
	GlobalSection(SolutionConfigurationPlatforms) = preSolution
		Debug|Any CPU = Debug|Any CPU
		Release|Any CPU = Release|Any CPU
	EndGlobalSection
	GlobalSection(ProjectConfigurationPlatforms) = postSolution
		{67EC37D9-D3BB-46B0-9938-443A6B78EC3D}.Debug|Any CPU.ActiveCfg = Debug|Any CPU
		{67EC37D9-D3BB-46B0-9938-443A6B78EC3D}.Debug|Any CPU.Build.0 = Debug|Any CPU
		{67EC37D9-D3BB-46B0-9938-443A6B78EC3D}.Release|Any CPU.ActiveCfg = Release|Any CPU
		{67EC37D9-D3BB-46B0-9938-443A6B78EC3D}.Release|Any CPU.Build.0 = Release|Any CPU
	EndGlobalSection
	GlobalSection(SolutionProperties) = preSolution
		HideSolutionNode = FALSE
	EndGlobalSection
EndGlobal
