
Microsoft Visual Studio Solution File, Format Version 12.00
# Visual Studio Version 17
VisualStudioVersion = 17.14.36212.18 d17.14
MinimumVisualStudioVersion = 10.0.40219.1
Project("{FAE04EC0-301F-11D3-BF4B-00C04F79EFBC}") = "3_PC10_6", "3_PC10_6.csproj", "{8AF8070F-5EF1-4C28-B860-88E3F5277D0C}"
EndProject
Global
	GlobalSection(SolutionConfigurationPlatforms) = preSolution
		Debug|Any CPU = Debug|Any CPU
		Release|Any CPU = Release|Any CPU
	EndGlobalSection
	GlobalSection(ProjectConfigurationPlatforms) = postSolution
		{8AF8070F-5EF1-4C28-B860-88E3F5277D0C}.Debug|Any CPU.ActiveCfg = Debug|Any CPU
		{8AF8070F-5EF1-4C28-B860-88E3F5277D0C}.Debug|Any CPU.Build.0 = Debug|Any CPU
		{8AF8070F-5EF1-4C28-B860-88E3F5277D0C}.Release|Any CPU.ActiveCfg = Release|Any CPU
		{8AF8070F-5EF1-4C28-B860-88E3F5277D0C}.Release|Any CPU.Build.0 = Release|Any CPU
	EndGlobalSection
	GlobalSection(SolutionProperties) = preSolution
		HideSolutionNode = FALSE
	EndGlobalSection
	GlobalSection(ExtensibilityGlobals) = postSolution
		SolutionGuid = {E8E0FE0D-439D-4043-B0C6-6B4B831007D8}
	EndGlobalSection
EndGlobal
