
Microsoft Visual Studio Solution File, Format Version 12.00
# Visual Studio Version 17
VisualStudioVersion = 17.14.36212.18 d17.14
MinimumVisualStudioVersion = 10.0.40219.1
Project("{FAE04EC0-301F-11D3-BF4B-00C04F79EFBC}") = "2_PC10_13", "2_PC10_13.csproj", "{7A0B78BA-3BCB-4F75-91C9-AC89DF54D70F}"
EndProject
Global
	GlobalSection(SolutionConfigurationPlatforms) = preSolution
		Debug|Any CPU = Debug|Any CPU
		Release|Any CPU = Release|Any CPU
	EndGlobalSection
	GlobalSection(ProjectConfigurationPlatforms) = postSolution
		{7A0B78BA-3BCB-4F75-91C9-AC89DF54D70F}.Debug|Any CPU.ActiveCfg = Debug|Any CPU
		{7A0B78BA-3BCB-4F75-91C9-AC89DF54D70F}.Debug|Any CPU.Build.0 = Debug|Any CPU
		{7A0B78BA-3BCB-4F75-91C9-AC89DF54D70F}.Release|Any CPU.ActiveCfg = Release|Any CPU
		{7A0B78BA-3BCB-4F75-91C9-AC89DF54D70F}.Release|Any CPU.Build.0 = Release|Any CPU
	EndGlobalSection
	GlobalSection(SolutionProperties) = preSolution
		HideSolutionNode = FALSE
	EndGlobalSection
	GlobalSection(ExtensibilityGlobals) = postSolution
		SolutionGuid = {A96A82F5-5A9B-41E6-8F38-268D11275EEA}
	EndGlobalSection
EndGlobal
