
Microsoft Visual Studio Solution File, Format Version 12.00
# Visual Studio Version 17
VisualStudioVersion = 17.14.36212.18 d17.14
MinimumVisualStudioVersion = 10.0.40219.1
Project("{FAE04EC0-301F-11D3-BF4B-00C04F79EFBC}") = "3_PC10_2", "3_PC10_2.csproj", "{FF6CA57C-2335-4761-AB7A-D25AED879794}"
EndProject
Global
	GlobalSection(SolutionConfigurationPlatforms) = preSolution
		Debug|Any CPU = Debug|Any CPU
		Release|Any CPU = Release|Any CPU
	EndGlobalSection
	GlobalSection(ProjectConfigurationPlatforms) = postSolution
		{FF6CA57C-2335-4761-AB7A-D25AED879794}.Debug|Any CPU.ActiveCfg = Debug|Any CPU
		{FF6CA57C-2335-4761-AB7A-D25AED879794}.Debug|Any CPU.Build.0 = Debug|Any CPU
		{FF6CA57C-2335-4761-AB7A-D25AED879794}.Release|Any CPU.ActiveCfg = Release|Any CPU
		{FF6CA57C-2335-4761-AB7A-D25AED879794}.Release|Any CPU.Build.0 = Release|Any CPU
	EndGlobalSection
	GlobalSection(SolutionProperties) = preSolution
		HideSolutionNode = FALSE
	EndGlobalSection
	GlobalSection(ExtensibilityGlobals) = postSolution
		SolutionGuid = {B2D4415C-D31A-4DFB-844E-D676384CDE7D}
	EndGlobalSection
EndGlobal
